// !$*UTF8*$!
{
	archiveVersion = 1;
	classes = {
	};
	objectVersion = 46;
	objects = {

/* Begin PBXBuildFile section */
		4312DCFE1F3ED4E6003A723B /* AppDelegate.swift in Sources */ = {isa = PBXBuildFile; fileRef = 4312DCFD1F3ED4E6003A723B /* AppDelegate.swift */; };
		4312DD001F3ED4E6003A723B /* FirstViewController.swift in Sources */ = {isa = PBXBuildFile; fileRef = 4312DCFF1F3ED4E6003A723B /* FirstViewController.swift */; };
		4312DD021F3ED4E6003A723B /* SecondViewController.swift in Sources */ = {isa = PBXBuildFile; fileRef = 4312DD011F3ED4E6003A723B /* SecondViewController.swift */; };
		4312DD051F3ED4E6003A723B /* Main.storyboard in Resources */ = {isa = PBXBuildFile; fileRef = 4312DD031F3ED4E6003A723B /* Main.storyboard */; };
		4312DD071F3ED4E6003A723B /* Assets.xcassets in Resources */ = {isa = PBXBuildFile; fileRef = 4312DD061F3ED4E6003A723B /* Assets.xcassets */; };
		4312DD0A1F3ED4E6003A723B /* LaunchScreen.storyboard in Resources */ = {isa = PBXBuildFile; fileRef = 4312DD081F3ED4E6003A723B /* LaunchScreen.storyboard */; };
		4312DD151F3ED4E7003A723B /* unityplannerTests.swift in Sources */ = {isa = PBXBuildFile; fileRef = 4312DD141F3ED4E7003A723B /* unityplannerTests.swift */; };
		4312DD201F3ED4E7003A723B /* unityplannerUITests.swift in Sources */ = {isa = PBXBuildFile; fileRef = 4312DD1F1F3ED4E7003A723B /* unityplannerUITests.swift */; };
/* End PBXBuildFile section */

/* Begin PBXContainerItemProxy section */
		4312DD111F3ED4E6003A723B /* PBXContainerItemProxy */ = {
			isa = PBXContainerItemProxy;
			containerPortal = 4312DCF21F3ED4E6003A723B /* Project object */;
			proxyType = 1;
			remoteGlobalIDString = 4312DCF91F3ED4E6003A723B;
			remoteInfo = unityplanner;
		};
		4312DD1C1F3ED4E7003A723B /* PBXContainerItemProxy */ = {
			isa = PBXContainerItemProxy;
			containerPortal = 4312DCF21F3ED4E6003A723B /* Project object */;
			proxyType = 1;
			remoteGlobalIDString = 4312DCF91F3ED4E6003A723B;
			remoteInfo = unityplanner;
		};
/* End PBXContainerItemProxy section */

/* Begin PBXFileReference section */
		4312DCFA1F3ED4E6003A723B /* unityplanner.app */ = {isa = PBXFileReference; explicitFileType = wrapper.application; includeInIndex = 0; path = unityplanner.app; sourceTree = BUILT_PRODUCTS_DIR; };
		4312DCFD1F3ED4E6003A723B /* AppDelegate.swift */ = {isa = PBXFileReference; lastKnownFileType = sourcecode.swift; path = AppDelegate.swift; sourceTree = "<group>"; };
		4312DCFF1F3ED4E6003A723B /* FirstViewController.swift */ = {isa = PBXFileReference; lastKnownFileType = sourcecode.swift; path = FirstViewController.swift; sourceTree = "<group>"; };
		4312DD011F3ED4E6003A723B /* SecondViewController.swift */ = {isa = PBXFileReference; lastKnownFileType = sourcecode.swift; path = SecondViewController.swift; sourceTree = "<group>"; };
		4312DD041F3ED4E6003A723B /* Base */ = {isa = PBXFileReference; lastKnownFileType = file.storyboard; name = Base; path = Base.lproj/Main.storyboard; sourceTree = "<group>"; };
		4312DD061F3ED4E6003A723B /* Assets.xcassets */ = {isa = PBXFileReference; lastKnownFileType = folder.assetcatalog; path = Assets.xcassets; sourceTree = "<group>"; };
		4312DD091F3ED4E6003A723B /* Base */ = {isa = PBXFileReference; lastKnownFileType = file.storyboard; name = Base; path = Base.lproj/LaunchScreen.storyboard; sourceTree = "<group>"; };
		4312DD0B1F3ED4E6003A723B /* Info.plist */ = {isa = PBXFileReference; lastKnownFileType = text.plist.xml; path = Info.plist; sourceTree = "<group>"; };
		4312DD101F3ED4E6003A723B /* unityplannerTests.xctest */ = {isa = PBXFileReference; explicitFileType = wrapper.cfbundle; includeInIndex = 0; path = unityplannerTests.xctest; sourceTree = BUILT_PRODUCTS_DIR; };
		4312DD141F3ED4E7003A723B /* unityplannerTests.swift */ = {isa = PBXFileReference; lastKnownFileType = sourcecode.swift; path = unityplannerTests.swift; sourceTree = "<group>"; };
		4312DD161F3ED4E7003A723B /* Info.plist */ = {isa = PBXFileReference; lastKnownFileType = text.plist.xml; path = Info.plist; sourceTree = "<group>"; };
		4312DD1B1F3ED4E7003A723B /* unityplannerUITests.xctest */ = {isa = PBXFileReference; explicitFileType = wrapper.cfbundle; includeInIndex = 0; path = unityplannerUITests.xctest; sourceTree = BUILT_PRODUCTS_DIR; };
		4312DD1F1F3ED4E7003A723B /* unityplannerUITests.swift */ = {isa = PBXFileReference; lastKnownFileType = sourcecode.swift; path = unityplannerUITests.swift; sourceTree = "<group>"; };
		4312DD211F3ED4E7003A723B /* Info.plist */ = {isa = PBXFileReference; lastKnownFileType = text.plist.xml; path = Info.plist; sourceTree = "<group>"; };
/* End PBXFileReference section */

/* Begin PBXFrameworksBuildPhase section */
		4312DCF71F3ED4E6003A723B /* Frameworks */ = {
			isa = PBXFrameworksBuildPhase;
			buildActionMask = 2147483647;
			files = (
			);
			runOnlyForDeploymentPostprocessing = 0;
		};
		4312DD0D1F3ED4E6003A723B /* Frameworks */ = {
			isa = PBXFrameworksBuildPhase;
			buildActionMask = 2147483647;
			files = (
			);
			runOnlyForDeploymentPostprocessing = 0;
		};
		4312DD181F3ED4E7003A723B /* Frameworks */ = {
			isa = PBXFrameworksBuildPhase;
			buildActionMask = 2147483647;
			files = (
			);
			runOnlyForDeploymentPostprocessing = 0;
		};
/* End PBXFrameworksBuildPhase section */

/* Begin PBXGroup section */
		4312DCF11F3ED4E6003A723B = {
			isa = PBXGroup;
			children = (
				4312DCFC1F3ED4E6003A723B /* unityplanner */,
				4312DD131F3ED4E7003A723B /* unityplannerTests */,
				4312DD1E1F3ED4E7003A723B /* unityplannerUITests */,
				4312DCFB1F3ED4E6003A723B /* Products */,
			);
			sourceTree = "<group>";
		};
		4312DCFB1F3ED4E6003A723B /* Products */ = {
			isa = PBXGroup;
			children = (
				4312DCFA1F3ED4E6003A723B /* unityplanner.app */,
				4312DD101F3ED4E6003A723B /* unityplannerTests.xctest */,
				4312DD1B1F3ED4E7003A723B /* unityplannerUITests.xctest */,
			);
			name = Products;
			sourceTree = "<group>";
		};
		4312DCFC1F3ED4E6003A723B /* unityplanner */ = {
			isa = PBXGroup;
			children = (
				4312DCFD1F3ED4E6003A723B /* AppDelegate.swift */,
				4312DCFF1F3ED4E6003A723B /* FirstViewController.swift */,
				4312DD011F3ED4E6003A723B /* SecondViewController.swift */,
				4312DD031F3ED4E6003A723B /* Main.storyboard */,
				4312DD061F3ED4E6003A723B /* Assets.xcassets */,
				4312DD081F3ED4E6003A723B /* LaunchScreen.storyboard */,
				4312DD0B1F3ED4E6003A723B /* Info.plist */,
			);
			path = unityplanner;
			sourceTree = "<group>";
		};
		4312DD131F3ED4E7003A723B /* unityplannerTests */ = {
			isa = PBXGroup;
			children = (
				4312DD141F3ED4E7003A723B /* unityplannerTests.swift */,
				4312DD161F3ED4E7003A723B /* Info.plist */,
			);
			path = unityplannerTests;
			sourceTree = "<group>";
		};
		4312DD1E1F3ED4E7003A723B /* unityplannerUITests */ = {
			isa = PBXGroup;
			children = (
				4312DD1F1F3ED4E7003A723B /* unityplannerUITests.swift */,
				4312DD211F3ED4E7003A723B /* Info.plist */,
			);
			path = unityplannerUITests;
			sourceTree = "<group>";
		};
/* End PBXGroup section */

/* Begin PBXNativeTarget section */
		4312DCF91F3ED4E6003A723B /* unityplanner */ = {
			isa = PBXNativeTarget;
			buildConfigurationList = 4312DD241F3ED4E7003A723B /* Build configuration list for PBXNativeTarget "unityplanner" */;
			buildPhases = (
				4312DCF61F3ED4E6003A723B /* Sources */,
				4312DCF71F3ED4E6003A723B /* Frameworks */,
				4312DCF81F3ED4E6003A723B /* Resources */,
			);
			buildRules = (
			);
			dependencies = (
			);
			name = unityplanner;
			productName = unityplanner;
			productReference = 4312DCFA1F3ED4E6003A723B /* unityplanner.app */;
			productType = "com.apple.product-type.application";
		};
		4312DD0F1F3ED4E6003A723B /* unityplannerTests */ = {
			isa = PBXNativeTarget;
			buildConfigurationList = 4312DD271F3ED4E7003A723B /* Build configuration list for PBXNativeTarget "unityplannerTests" */;
			buildPhases = (
				4312DD0C1F3ED4E6003A723B /* Sources */,
				4312DD0D1F3ED4E6003A723B /* Frameworks */,
				4312DD0E1F3ED4E6003A723B /* Resources */,
			);
			buildRules = (
			);
			dependencies = (
				4312DD121F3ED4E6003A723B /* PBXTargetDependency */,
			);
			name = unityplannerTests;
			productName = unityplannerTests;
			productReference = 4312DD101F3ED4E6003A723B /* unityplannerTests.xctest */;
			productType = "com.apple.product-type.bundle.unit-test";
		};
		4312DD1A1F3ED4E7003A723B /* unityplannerUITests */ = {
			isa = PBXNativeTarget;
			buildConfigurationList = 4312DD2A1F3ED4E7003A723B /* Build configuration list for PBXNativeTarget "unityplannerUITests" */;
			buildPhases = (
				4312DD171F3ED4E7003A723B /* Sources */,
				4312DD181F3ED4E7003A723B /* Frameworks */,
				4312DD191F3ED4E7003A723B /* Resources */,
			);
			buildRules = (
			);
			dependencies = (
				4312DD1D1F3ED4E7003A723B /* PBXTargetDependency */,
			);
			name = unityplannerUITests;
			productName = unityplannerUITests;
			productReference = 4312DD1B1F3ED4E7003A723B /* unityplannerUITests.xctest */;
			productType = "com.apple.product-type.bundle.ui-testing";
		};
/* End PBXNativeTarget section */

/* Begin PBXProject section */
		4312DCF21F3ED4E6003A723B /* Project object */ = {
			isa = PBXProject;
			attributes = {
				LastSwiftUpdateCheck = 0830;
				LastUpgradeCheck = 0830;
				ORGANIZATIONNAME = "Nick DeGroot";
				TargetAttributes = {
					4312DCF91F3ED4E6003A723B = {
						CreatedOnToolsVersion = 8.3.3;
						DevelopmentTeam = 2EMG39XK63;
						ProvisioningStyle = Automatic;
					};
					4312DD0F1F3ED4E6003A723B = {
						CreatedOnToolsVersion = 8.3.3;
						DevelopmentTeam = 2EMG39XK63;
						ProvisioningStyle = Automatic;
						TestTargetID = 4312DCF91F3ED4E6003A723B;
					};
					4312DD1A1F3ED4E7003A723B = {
						CreatedOnToolsVersion = 8.3.3;
						DevelopmentTeam = 2EMG39XK63;
						ProvisioningStyle = Automatic;
						TestTargetID = 4312DCF91F3ED4E6003A723B;
					};
				};
			};
			buildConfigurationList = 4312DCF51F3ED4E6003A723B /* Build configuration list for PBXProject "unityplanner" */;
			compatibilityVersion = "Xcode 3.2";
			developmentRegion = English;
			hasScannedForEncodings = 0;
			knownRegions = (
				en,
				Base,
			);
			mainGroup = 4312DCF11F3ED4E6003A723B;
			productRefGroup = 4312DCFB1F3ED4E6003A723B /* Products */;
			projectDirPath = "";
			projectRoot = "";
			targets = (
				4312DCF91F3ED4E6003A723B /* unityplanner */,
				4312DD0F1F3ED4E6003A723B /* unityplannerTests */,
				4312DD1A1F3ED4E7003A723B /* unityplannerUITests */,
			);
		};
/* End PBXProject section */

/* Begin PBXResourcesBuildPhase section */
		4312DCF81F3ED4E6003A723B /* Resources */ = {
			isa = PBXResourcesBuildPhase;
			buildActionMask = 2147483647;
			files = (
				4312DD0A1F3ED4E6003A723B /* LaunchScreen.storyboard in Resources */,
				4312DD071F3ED4E6003A723B /* Assets.xcassets in Resources */,
				4312DD051F3ED4E6003A723B /* Main.storyboard in Resources */,
			);
			runOnlyForDeploymentPostprocessing = 0;
		};
		4312DD0E1F3ED4E6003A723B /* Resources */ = {
			isa = PBXResourcesBuildPhase;
			buildActionMask = 2147483647;
			files = (
			);
			runOnlyForDeploymentPostprocessing = 0;
		};
		4312DD191F3ED4E7003A723B /* Resources */ = {
			isa = PBXResourcesBuildPhase;
			buildActionMask = 2147483647;
			files = (
			);
			runOnlyForDeploymentPostprocessing = 0;
		};
/* End PBXResourcesBuildPhase section */

/* Begin PBXSourcesBuildPhase section */
		4312DCF61F3ED4E6003A723B /* Sources */ = {
			isa = PBXSourcesBuildPhase;
			buildActionMask = 2147483647;
			files = (
				4312DD021F3ED4E6003A723B /* SecondViewController.swift in Sources */,
				4312DCFE1F3ED4E6003A723B /* AppDelegate.swift in Sources */,
				4312DD001F3ED4E6003A723B /* FirstViewController.swift in Sources */,
			);
			runOnlyForDeploymentPostprocessing = 0;
		};
		4312DD0C1F3ED4E6003A723B /* Sources */ = {
			isa = PBXSourcesBuildPhase;
			buildActionMask = 2147483647;
			files = (
				4312DD151F3ED4E7003A723B /* unityplannerTests.swift in Sources */,
			);
			runOnlyForDeploymentPostprocessing = 0;
		};
		4312DD171F3ED4E7003A723B /* Sources */ = {
			isa = PBXSourcesBuildPhase;
			buildActionMask = 2147483647;
			files = (
				4312DD201F3ED4E7003A723B /* unityplannerUITests.swift in Sources */,
			);
			runOnlyForDeploymentPostprocessing = 0;
		};
/* End PBXSourcesBuildPhase section */

/* Begin PBXTargetDependency section */
		4312DD121F3ED4E6003A723B /* PBXTargetDependency */ = {
			isa = PBXTargetDependency;
			target = 4312DCF91F3ED4E6003A723B /* unityplanner */;
			targetProxy = 4312DD111F3ED4E6003A723B /* PBXContainerItemProxy */;
		};
		4312DD1D1F3ED4E7003A723B /* PBXTargetDependency */ = {
			isa = PBXTargetDependency;
			target = 4312DCF91F3ED4E6003A723B /* unityplanner */;
			targetProxy = 4312DD1C1F3ED4E7003A723B /* PBXContainerItemProxy */;
		};
/* End PBXTargetDependency section */

/* Begin PBXVariantGroup section */
		4312DD031F3ED4E6003A723B /* Main.storyboard */ = {
			isa = PBXVariantGroup;
			children = (
				4312DD041F3ED4E6003A723B /* Base */,
			);
			name = Main.storyboard;
			sourceTree = "<group>";
		};
		4312DD081F3ED4E6003A723B /* LaunchScreen.storyboard */ = {
			isa = PBXVariantGroup;
			children = (
				4312DD091F3ED4E6003A723B /* Base */,
			);
			name = LaunchScreen.storyboard;
			sourceTree = "<group>";
		};
/* End PBXVariantGroup section */

/* Begin XCBuildConfiguration section */
		4312DD221F3ED4E7003A723B /* Debug */ = {
			isa = XCBuildConfiguration;
			buildSettings = {
				ALWAYS_SEARCH_USER_PATHS = NO;
				CLANG_ANALYZER_NONNULL = YES;
				CLANG_ANALYZER_NUMBER_OBJECT_CONVERSION = YES_AGGRESSIVE;
				CLANG_CXX_LANGUAGE_STANDARD = "gnu++0x";
				CLANG_CXX_LIBRARY = "libc++";
				CLANG_ENABLE_MODULES = YES;
				CLANG_ENABLE_OBJC_ARC = YES;
				CLANG_WARN_BOOL_CONVERSION = YES;
				CLANG_WARN_CONSTANT_CONVERSION = YES;
				CLANG_WARN_DIRECT_OBJC_ISA_USAGE = YES_ERROR;
				CLANG_WARN_DOCUMENTATION_COMMENTS = YES;
				CLANG_WARN_EMPTY_BODY = YES;
				CLANG_WARN_ENUM_CONVERSION = YES;
				CLANG_WARN_INFINITE_RECURSION = YES;
				CLANG_WARN_INT_CONVERSION = YES;
				CLANG_WARN_OBJC_ROOT_CLASS = YES_ERROR;
				CLANG_WARN_SUSPICIOUS_MOVE = YES;
				CLANG_WARN_UNREACHABLE_CODE = YES;
				CLANG_WARN__DUPLICATE_METHOD_MATCH = YES;
				"CODE_SIGN_IDENTITY[sdk=iphoneos*]" = "iPhone Developer";
				COPY_PHASE_STRIP = NO;
				DEBUG_INFORMATION_FORMAT = dwarf;
				ENABLE_STRICT_OBJC_MSGSEND = YES;
				ENABLE_TESTABILITY = YES;
				GCC_C_LANGUAGE_STANDARD = gnu99;
				GCC_DYNAMIC_NO_PIC = NO;
				GCC_NO_COMMON_BLOCKS = YES;
				GCC_OPTIMIZATION_LEVEL = 0;
				GCC_PREPROCESSOR_DEFINITIONS = (
					"DEBUG=1",
					"$(inherited)",
				);
				GCC_WARN_64_TO_32_BIT_CONVERSION = YES;
				GCC_WARN_ABOUT_RETURN_TYPE = YES_ERROR;
				GCC_WARN_UNDECLARED_SELECTOR = YES;
				GCC_WARN_UNINITIALIZED_AUTOS = YES_AGGRESSIVE;
				GCC_WARN_UNUSED_FUNCTION = YES;
				GCC_WARN_UNUSED_VARIABLE = YES;
				IPHONEOS_DEPLOYMENT_TARGET = 10.3;
				MTL_ENABLE_DEBUG_INFO = YES;
				ONLY_ACTIVE_ARCH = YES;
				SDKROOT = iphoneos;
				SWIFT_ACTIVE_COMPILATION_CONDITIONS = DEBUG;
				SWIFT_OPTIMIZATION_LEVEL = "-Onone";
				TARGETED_DEVICE_FAMILY = "1,2";
			};
			name = Debug;
		};
		4312DD231F3ED4E7003A723B /* Release */ = {
			isa = XCBuildConfiguration;
			buildSettings = {
				ALWAYS_SEARCH_USER_PATHS = NO;
				CLANG_ANALYZER_NONNULL = YES;
				CLANG_ANALYZER_NUMBER_OBJECT_CONVERSION = YES_AGGRESSIVE;
				CLANG_CXX_LANGUAGE_STANDARD = "gnu++0x";
				CLANG_CXX_LIBRARY = "libc++";
				CLANG_ENABLE_MODULES = YES;
				CLANG_ENABLE_OBJC_ARC = YES;
				CLANG_WARN_BOOL_CONVERSION = YES;
				CLANG_WARN_CONSTANT_CONVERSION = YES;
				CLANG_WARN_DIRECT_OBJC_ISA_USAGE = YES_ERROR;
				CLANG_WARN_DOCUMENTATION_COMMENTS = YES;
				CLANG_WARN_EMPTY_BODY = YES;
				CLANG_WARN_ENUM_CONVERSION = YES;
				CLANG_WARN_INFINITE_RECURSION = YES;
				CLANG_WARN_INT_CONVERSION = YES;
				CLANG_WARN_OBJC_ROOT_CLASS = YES_ERROR;
				CLANG_WARN_SUSPICIOUS_MOVE = YES;
				CLANG_WARN_UNREACHABLE_CODE = YES;
				CLANG_WARN__DUPLICATE_METHOD_MATCH = YES;
				"CODE_SIGN_IDENTITY[sdk=iphoneos*]" = "iPhone Developer";
				COPY_PHASE_STRIP = NO;
				DEBUG_INFORMATION_FORMAT = "dwarf-with-dsym";
				ENABLE_NS_ASSERTIONS = NO;
				ENABLE_STRICT_OBJC_MSGSEND = YES;
				GCC_C_LANGUAGE_STANDARD = gnu99;
				GCC_NO_COMMON_BLOCKS = YES;
				GCC_WARN_64_TO_32_BIT_CONVERSION = YES;
				GCC_WARN_ABOUT_RETURN_TYPE = YES_ERROR;
				GCC_WARN_UNDECLARED_SELECTOR = YES;
				GCC_WARN_UNINITIALIZED_AUTOS = YES_AGGRESSIVE;
				GCC_WARN_UNUSED_FUNCTION = YES;
				GCC_WARN_UNUSED_VARIABLE = YES;
				IPHONEOS_DEPLOYMENT_TARGET = 10.3;
				MTL_ENABLE_DEBUG_INFO = NO;
				SDKROOT = iphoneos;
				SWIFT_OPTIMIZATION_LEVEL = "-Owholemodule";
				TARGETED_DEVICE_FAMILY = "1,2";
				VALIDATE_PRODUCT = YES;
			};
			name = Release;
		};
		4312DD251F3ED4E7003A723B /* Debug */ = {
			isa = XCBuildConfiguration;
			buildSettings = {
				ASSETCATALOG_COMPILER_APPICON_NAME = AppIcon;
				DEVELOPMENT_TEAM = 2EMG39XK63;
				INFOPLIST_FILE = unityplanner/Info.plist;
				LD_RUNPATH_SEARCH_PATHS = "$(inherited) @executable_path/Frameworks";
				PRODUCT_BUNDLE_IDENTIFIER = com.nbdeg.unityplanner;
				PRODUCT_NAME = "$(TARGET_NAME)";
				SWIFT_VERSION = 3.0;
			};
			name = Debug;
		};
		4312DD261F3ED4E7003A723B /* Release */ = {
			isa = XCBuildConfiguration;
			buildSettings = {
				ASSETCATALOG_COMPILER_APPICON_NAME = AppIcon;
				DEVELOPMENT_TEAM = 2EMG39XK63;
				INFOPLIST_FILE = unityplanner/Info.plist;
				LD_RUNPATH_SEARCH_PATHS = "$(inherited) @executable_path/Frameworks";
				PRODUCT_BUNDLE_IDENTIFIER = com.nbdeg.unityplanner;
				PRODUCT_NAME = "$(TARGET_NAME)";
				SWIFT_VERSION = 3.0;
			};
			name = Release;
		};
		4312DD281F3ED4E7003A723B /* Debug */ = {
			isa = XCBuildConfiguration;
			buildSettings = {
				ALWAYS_EMBED_SWIFT_STANDARD_LIBRARIES = YES;
				BUNDLE_LOADER = "$(TEST_HOST)";
				DEVELOPMENT_TEAM = 2EMG39XK63;
				INFOPLIST_FILE = unityplannerTests/Info.plist;
				LD_RUNPATH_SEARCH_PATHS = "$(inherited) @executable_path/Frameworks @loader_path/Frameworks";
				PRODUCT_BUNDLE_IDENTIFIER = com.nbdeg.unityplannerTests;
				PRODUCT_NAME = "$(TARGET_NAME)";
				SWIFT_VERSION = 3.0;
				TEST_HOST = "$(BUILT_PRODUCTS_DIR)/unityplanner.app/unityplanner";
			};
			name = Debug;
		};
		4312DD291F3ED4E7003A723B /* Release */ = {
			isa = XCBuildConfiguration;
			buildSettings = {
				ALWAYS_EMBED_SWIFT_STANDARD_LIBRARIES = YES;
				BUNDLE_LOADER = "$(TEST_HOST)";
				DEVELOPMENT_TEAM = 2EMG39XK63;
				INFOPLIST_FILE = unityplannerTests/Info.plist;
				LD_RUNPATH_SEARCH_PATHS = "$(inherited) @executable_path/Frameworks @loader_path/Frameworks";
				PRODUCT_BUNDLE_IDENTIFIER = com.nbdeg.unityplannerTests;
				PRODUCT_NAME = "$(TARGET_NAME)";
				SWIFT_VERSION = 3.0;
				TEST_HOST = "$(BUILT_PRODUCTS_DIR)/unityplanner.app/unityplanner";
			};
			name = Release;
		};
		4312DD2B1F3ED4E7003A723B /* Debug */ = {
			isa = XCBuildConfiguration;
			buildSettings = {
				ALWAYS_EMBED_SWIFT_STANDARD_LIBRARIES = YES;
				DEVELOPMENT_TEAM = 2EMG39XK63;
				INFOPLIST_FILE = unityplannerUITests/Info.plist;
				LD_RUNPATH_SEARCH_PATHS = "$(inherited) @executable_path/Frameworks @loader_path/Frameworks";
				PRODUCT_BUNDLE_IDENTIFIER = com.nbdeg.unityplannerUITests;
				PRODUCT_NAME = "$(TARGET_NAME)";
				SWIFT_VERSION = 3.0;
				TEST_TARGET_NAME = unityplanner;
			};
			name = Debug;
		};
		4312DD2C1F3ED4E7003A723B /* Release */ = {
			isa = XCBuildConfiguration;
			buildSettings = {
				ALWAYS_EMBED_SWIFT_STANDARD_LIBRARIES = YES;
				DEVELOPMENT_TEAM = 2EMG39XK63;
				INFOPLIST_FILE = unityplannerUITests/Info.plist;
				LD_RUNPATH_SEARCH_PATHS = "$(inherited) @executable_path/Frameworks @loader_path/Frameworks";
				PRODUCT_BUNDLE_IDENTIFIER = com.nbdeg.unityplannerUITests;
				PRODUCT_NAME = "$(TARGET_NAME)";
				SWIFT_VERSION = 3.0;
				TEST_TARGET_NAME = unityplanner;
			};
			name = Release;
		};
/* End XCBuildConfiguration section */

/* Begin XCConfigurationList section */
		4312DCF51F3ED4E6003A723B /* Build configuration list for PBXProject "unityplanner" */ = {
			isa = XCConfigurationList;
			buildConfigurations = (
				4312DD221F3ED4E7003A723B /* Debug */,
				4312DD231F3ED4E7003A723B /* Release */,
			);
			defaultConfigurationIsVisible = 0;
			defaultConfigurationName = Release;
		};
		4312DD241F3ED4E7003A723B /* Build configuration list for PBXNativeTarget "unityplanner" */ = {
			isa = XCConfigurationList;
			buildConfigurations = (
				4312DD251F3ED4E7003A723B /* Debug */,
				4312DD261F3ED4E7003A723B /* Release */,
			);
			defaultConfigurationIsVisible = 0;
		};
		4312DD271F3ED4E7003A723B /* Build configuration list for PBXNativeTarget "unityplannerTests" */ = {
			isa = XCConfigurationList;
			buildConfigurations = (
				4312DD281F3ED4E7003A723B /* Debug */,
				4312DD291F3ED4E7003A723B /* Release */,
			);
			defaultConfigurationIsVisible = 0;
		};
		4312DD2A1F3ED4E7003A723B /* Build configuration list for PBXNativeTarget "unityplannerUITests" */ = {
			isa = XCConfigurationList;
			buildConfigurations = (
				4312DD2B1F3ED4E7003A723B /* Debug */,
				4312DD2C1F3ED4E7003A723B /* Release */,
			);
			defaultConfigurationIsVisible = 0;
		};
/* End XCConfigurationList section */
	};
	rootObject = 4312DCF21F3ED4E6003A723B /* Project object */;
}
